// !$*UTF8*$!
{
	archiveVersion = 1;
	classes = {
	};
	objectVersion = 55;
	objects = {

/* Begin PBXBuildFile section */
		0486378A28DB657F0042B730 /* AppDelegate.swift in Sources */ = {isa = PBXBuildFile; fileRef = 0486378928DB657F0042B730 /* AppDelegate.swift */; };
		0486378C28DB657F0042B730 /* SceneDelegate.swift in Sources */ = {isa = PBXBuildFile; fileRef = 0486378B28DB657F0042B730 /* SceneDelegate.swift */; };
		0486378E28DB657F0042B730 /* PostListViewController.swift in Sources */ = {isa = PBXBuildFile; fileRef = 0486378D28DB657F0042B730 /* PostListViewController.swift */; };
		0486379128DB657F0042B730 /* Main.storyboard in Resources */ = {isa = PBXBuildFile; fileRef = 0486378F28DB657F0042B730 /* Main.storyboard */; };
		0486379428DB657F0042B730 /* BootcampTaskk3.xcdatamodeld in Sources */ = {isa = PBXBuildFile; fileRef = 0486379228DB657F0042B730 /* BootcampTaskk3.xcdatamodeld */; };
		0486379628DB65800042B730 /* Assets.xcassets in Resources */ = {isa = PBXBuildFile; fileRef = 0486379528DB65800042B730 /* Assets.xcassets */; };
		0486379928DB65800042B730 /* LaunchScreen.storyboard in Resources */ = {isa = PBXBuildFile; fileRef = 0486379728DB65800042B730 /* LaunchScreen.storyboard */; };
		048637A128DC53B40042B730 /* PostListEntity.swift in Sources */ = {isa = PBXBuildFile; fileRef = 048637A028DC53B40042B730 /* PostListEntity.swift */; };
		048637A328DC57F60042B730 /* PostListModel.swift in Sources */ = {isa = PBXBuildFile; fileRef = 048637A228DC57F60042B730 /* PostListModel.swift */; };
		048637A628DC65410042B730 /* PostListTableViewCell.swift in Sources */ = {isa = PBXBuildFile; fileRef = 048637A428DC65410042B730 /* PostListTableViewCell.swift */; };
		048637A728DC65410042B730 /* PostListTableViewCell.xib in Resources */ = {isa = PBXBuildFile; fileRef = 048637A528DC65410042B730 /* PostListTableViewCell.xib */; };
		048637A928DC79290042B730 /* PostListViewModel.swift in Sources */ = {isa = PBXBuildFile; fileRef = 048637A828DC79290042B730 /* PostListViewModel.swift */; };
		048637DC28DDCE030042B730 /* SecondViewController.swift in Sources */ = {isa = PBXBuildFile; fileRef = 048637DB28DDCE030042B730 /* SecondViewController.swift */; };
		048637E028DDCEA30042B730 /* PhotosCollectionViewCell.swift in Sources */ = {isa = PBXBuildFile; fileRef = 048637DE28DDCEA30042B730 /* PhotosCollectionViewCell.swift */; };
		048637E128DDCEA30042B730 /* PhotosCollectionViewCell.xib in Resources */ = {isa = PBXBuildFile; fileRef = 048637DF28DDCEA30042B730 /* PhotosCollectionViewCell.xib */; };
		048637E328DDD13E0042B730 /* PhotosListEntity.swift in Sources */ = {isa = PBXBuildFile; fileRef = 048637E228DDD13E0042B730 /* PhotosListEntity.swift */; };
		048637E528DDD3400042B730 /* PhotosListModel.swift in Sources */ = {isa = PBXBuildFile; fileRef = 048637E428DDD3400042B730 /* PhotosListModel.swift */; };
		04FB9C6328DF2B9300111A62 /* PhotosListViewModel.swift in Sources */ = {isa = PBXBuildFile; fileRef = 04FB9C6228DF2B9300111A62 /* PhotosListViewModel.swift */; };
		04FB9C6828DF9DC000111A62 /* ThirdViewController.swift in Sources */ = {isa = PBXBuildFile; fileRef = 04FB9C6728DF9DC000111A62 /* ThirdViewController.swift */; };
		04FB9C6A28DFA00B00111A62 /* FourthViewController.swift in Sources */ = {isa = PBXBuildFile; fileRef = 04FB9C6928DFA00B00111A62 /* FourthViewController.swift */; };
		04FB9C6E28E04A8800111A62 /* ToDoViewModel.swift in Sources */ = {isa = PBXBuildFile; fileRef = 04FB9C6D28E04A8800111A62 /* ToDoViewModel.swift */; };
		04FB9C7028E04A9A00111A62 /* AddNewToDoViewModel.swift in Sources */ = {isa = PBXBuildFile; fileRef = 04FB9C6F28E04A9A00111A62 /* AddNewToDoViewModel.swift */; };
		04FB9C7228E04B2A00111A62 /* CoreDataManager.swift in Sources */ = {isa = PBXBuildFile; fileRef = 04FB9C7128E04B2A00111A62 /* CoreDataManager.swift */; };
		04FB9C7428E050DF00111A62 /* ToDoModel.swift in Sources */ = {isa = PBXBuildFile; fileRef = 04FB9C7328E050DF00111A62 /* ToDoModel.swift */; };
		04FB9C7F28E08CA600111A62 /* TodoTableViewCell.swift in Sources */ = {isa = PBXBuildFile; fileRef = 04FB9C7D28E08CA600111A62 /* TodoTableViewCell.swift */; };
		04FB9C8028E08CA600111A62 /* TodoTableViewCell.xib in Resources */ = {isa = PBXBuildFile; fileRef = 04FB9C7E28E08CA600111A62 /* TodoTableViewCell.xib */; };
		B09D092B2101190904A2BD74 /* Pods_BootcampTaskk3.framework in Frameworks */ = {isa = PBXBuildFile; fileRef = 87B6EE39F6CDEF2A062664FB /* Pods_BootcampTaskk3.framework */; };
/* End PBXBuildFile section */

/* Begin PBXFileReference section */
		0486378628DB657F0042B730 /* BootcampTaskk3.app */ = {isa = PBXFileReference; explicitFileType = wrapper.application; includeInIndex = 0; path = BootcampTaskk3.app; sourceTree = BUILT_PRODUCTS_DIR; };
		0486378928DB657F0042B730 /* AppDelegate.swift */ = {isa = PBXFileReference; lastKnownFileType = sourcecode.swift; path = AppDelegate.swift; sourceTree = "<group>"; };
		0486378B28DB657F0042B730 /* SceneDelegate.swift */ = {isa = PBXFileReference; lastKnownFileType = sourcecode.swift; path = SceneDelegate.swift; sourceTree = "<group>"; };
		0486378D28DB657F0042B730 /* PostListViewController.swift */ = {isa = PBXFileReference; lastKnownFileType = sourcecode.swift; path = PostListViewController.swift; sourceTree = "<group>"; };
		0486379028DB657F0042B730 /* Base */ = {isa = PBXFileReference; lastKnownFileType = file.storyboard; name = Base; path = Base.lproj/Main.storyboard; sourceTree = "<group>"; };
		0486379328DB657F0042B730 /* BootcampTaskk3.xcdatamodel */ = {isa = PBXFileReference; lastKnownFileType = wrapper.xcdatamodel; path = BootcampTaskk3.xcdatamodel; sourceTree = "<group>"; };
		0486379528DB65800042B730 /* Assets.xcassets */ = {isa = PBXFileReference; lastKnownFileType = folder.assetcatalog; path = Assets.xcassets; sourceTree = "<group>"; };
		0486379828DB65800042B730 /* Base */ = {isa = PBXFileReference; lastKnownFileType = file.storyboard; name = Base; path = Base.lproj/LaunchScreen.storyboard; sourceTree = "<group>"; };
		0486379A28DB65800042B730 /* Info.plist */ = {isa = PBXFileReference; lastKnownFileType = text.plist.xml; path = Info.plist; sourceTree = "<group>"; };
		048637A028DC53B40042B730 /* PostListEntity.swift */ = {isa = PBXFileReference; lastKnownFileType = sourcecode.swift; path = PostListEntity.swift; sourceTree = "<group>"; };
		048637A228DC57F60042B730 /* PostListModel.swift */ = {isa = PBXFileReference; lastKnownFileType = sourcecode.swift; path = PostListModel.swift; sourceTree = "<group>"; };
		048637A428DC65410042B730 /* PostListTableViewCell.swift */ = {isa = PBXFileReference; lastKnownFileType = sourcecode.swift; path = PostListTableViewCell.swift; sourceTree = "<group>"; };
		048637A528DC65410042B730 /* PostListTableViewCell.xib */ = {isa = PBXFileReference; lastKnownFileType = file.xib; path = PostListTableViewCell.xib; sourceTree = "<group>"; };
		048637A828DC79290042B730 /* PostListViewModel.swift */ = {isa = PBXFileReference; lastKnownFileType = sourcecode.swift; path = PostListViewModel.swift; sourceTree = "<group>"; };
		048637DB28DDCE030042B730 /* SecondViewController.swift */ = {isa = PBXFileReference; lastKnownFileType = sourcecode.swift; path = SecondViewController.swift; sourceTree = "<group>"; };
		048637DE28DDCEA30042B730 /* PhotosCollectionViewCell.swift */ = {isa = PBXFileReference; lastKnownFileType = sourcecode.swift; path = PhotosCollectionViewCell.swift; sourceTree = "<group>"; };
		048637DF28DDCEA30042B730 /* PhotosCollectionViewCell.xib */ = {isa = PBXFileReference; lastKnownFileType = file.xib; path = PhotosCollectionViewCell.xib; sourceTree = "<group>"; };
		048637E228DDD13E0042B730 /* PhotosListEntity.swift */ = {isa = PBXFileReference; lastKnownFileType = sourcecode.swift; path = PhotosListEntity.swift; sourceTree = "<group>"; };
		048637E428DDD3400042B730 /* PhotosListModel.swift */ = {isa = PBXFileReference; lastKnownFileType = sourcecode.swift; path = PhotosListModel.swift; sourceTree = "<group>"; };
		04FB9C6228DF2B9300111A62 /* PhotosListViewModel.swift */ = {isa = PBXFileReference; lastKnownFileType = sourcecode.swift; path = PhotosListViewModel.swift; sourceTree = "<group>"; };
		04FB9C6728DF9DC000111A62 /* ThirdViewController.swift */ = {isa = PBXFileReference; lastKnownFileType = sourcecode.swift; path = ThirdViewController.swift; sourceTree = "<group>"; };
		04FB9C6928DFA00B00111A62 /* FourthViewController.swift */ = {isa = PBXFileReference; lastKnownFileType = sourcecode.swift; path = FourthViewController.swift; sourceTree = "<group>"; };
		04FB9C6D28E04A8800111A62 /* ToDoViewModel.swift */ = {isa = PBXFileReference; lastKnownFileType = sourcecode.swift; path = ToDoViewModel.swift; sourceTree = "<group>"; };
		04FB9C6F28E04A9A00111A62 /* AddNewToDoViewModel.swift */ = {isa = PBXFileReference; lastKnownFileType = sourcecode.swift; path = AddNewToDoViewModel.swift; sourceTree = "<group>"; };
		04FB9C7128E04B2A00111A62 /* CoreDataManager.swift */ = {isa = PBXFileReference; lastKnownFileType = sourcecode.swift; path = CoreDataManager.swift; sourceTree = "<group>"; };
		04FB9C7328E050DF00111A62 /* ToDoModel.swift */ = {isa = PBXFileReference; lastKnownFileType = sourcecode.swift; path = ToDoModel.swift; sourceTree = "<group>"; };
		04FB9C7D28E08CA600111A62 /* TodoTableViewCell.swift */ = {isa = PBXFileReference; lastKnownFileType = sourcecode.swift; path = TodoTableViewCell.swift; sourceTree = "<group>"; };
		04FB9C7E28E08CA600111A62 /* TodoTableViewCell.xib */ = {isa = PBXFileReference; lastKnownFileType = file.xib; path = TodoTableViewCell.xib; sourceTree = "<group>"; };
		380E46D4112ABB661FE96043 /* Pods-BootcampTaskk3.release.xcconfig */ = {isa = PBXFileReference; includeInIndex = 1; lastKnownFileType = text.xcconfig; name = "Pods-BootcampTaskk3.release.xcconfig"; path = "Target Support Files/Pods-BootcampTaskk3/Pods-BootcampTaskk3.release.xcconfig"; sourceTree = "<group>"; };
		87B6EE39F6CDEF2A062664FB /* Pods_BootcampTaskk3.framework */ = {isa = PBXFileReference; explicitFileType = wrapper.framework; includeInIndex = 0; path = Pods_BootcampTaskk3.framework; sourceTree = BUILT_PRODUCTS_DIR; };
		E4A95E46E42193B5E585B340 /* Pods-BootcampTaskk3.debug.xcconfig */ = {isa = PBXFileReference; includeInIndex = 1; lastKnownFileType = text.xcconfig; name = "Pods-BootcampTaskk3.debug.xcconfig"; path = "Target Support Files/Pods-BootcampTaskk3/Pods-BootcampTaskk3.debug.xcconfig"; sourceTree = "<group>"; };
/* End PBXFileReference section */

/* Begin PBXFrameworksBuildPhase section */
		0486378328DB657F0042B730 /* Frameworks */ = {
			isa = PBXFrameworksBuildPhase;
			buildActionMask = 2147483647;
			files = (
				B09D092B2101190904A2BD74 /* Pods_BootcampTaskk3.framework in Frameworks */,
			);
			runOnlyForDeploymentPostprocessing = 0;
		};
/* End PBXFrameworksBuildPhase section */

/* Begin PBXGroup section */
		0486377D28DB657F0042B730 = {
			isa = PBXGroup;
			children = (
				0486378828DB657F0042B730 /* BootcampTaskk3 */,
				0486378728DB657F0042B730 /* Products */,
				57A2387475B6BFA661D31820 /* Pods */,
				E29CC486F0A365C7E5671B3E /* Frameworks */,
			);
			sourceTree = "<group>";
		};
		0486378728DB657F0042B730 /* Products */ = {
			isa = PBXGroup;
			children = (
				0486378628DB657F0042B730 /* BootcampTaskk3.app */,
			);
			name = Products;
			sourceTree = "<group>";
		};
		0486378828DB657F0042B730 /* BootcampTaskk3 */ = {
			isa = PBXGroup;
			children = (
				04FB9C6428DF9C7000111A62 /* TodoModule */,
				048637DA28DDCDCC0042B730 /* SecondView */,
				048637AA28DC79C20042B730 /* Model */,
				048637AB28DC79D80042B730 /* View */,
				048637AC28DC7A230042B730 /* ViewModel */,
				0486378928DB657F0042B730 /* AppDelegate.swift */,
				0486378B28DB657F0042B730 /* SceneDelegate.swift */,
				0486378F28DB657F0042B730 /* Main.storyboard */,
				0486379528DB65800042B730 /* Assets.xcassets */,
				0486379728DB65800042B730 /* LaunchScreen.storyboard */,
				0486379A28DB65800042B730 /* Info.plist */,
				0486379228DB657F0042B730 /* BootcampTaskk3.xcdatamodeld */,
			);
			path = BootcampTaskk3;
			sourceTree = "<group>";
		};
		048637AA28DC79C20042B730 /* Model */ = {
			isa = PBXGroup;
			children = (
				048637A228DC57F60042B730 /* PostListModel.swift */,
				048637E428DDD3400042B730 /* PhotosListModel.swift */,
				048637A028DC53B40042B730 /* PostListEntity.swift */,
				048637E228DDD13E0042B730 /* PhotosListEntity.swift */,
			);
			path = Model;
			sourceTree = "<group>";
		};
		048637AB28DC79D80042B730 /* View */ = {
			isa = PBXGroup;
			children = (
				0486378D28DB657F0042B730 /* PostListViewController.swift */,
				048637A428DC65410042B730 /* PostListTableViewCell.swift */,
				048637A528DC65410042B730 /* PostListTableViewCell.xib */,
			);
			path = View;
			sourceTree = "<group>";
		};
		048637AC28DC7A230042B730 /* ViewModel */ = {
			isa = PBXGroup;
			children = (
				048637A828DC79290042B730 /* PostListViewModel.swift */,
				04FB9C6228DF2B9300111A62 /* PhotosListViewModel.swift */,
			);
			path = ViewModel;
			sourceTree = "<group>";
		};
		048637DA28DDCDCC0042B730 /* SecondView */ = {
			isa = PBXGroup;
			children = (
				048637DD28DDCE740042B730 /* Cells */,
				048637DB28DDCE030042B730 /* SecondViewController.swift */,
			);
			path = SecondView;
			sourceTree = "<group>";
		};
		048637DD28DDCE740042B730 /* Cells */ = {
			isa = PBXGroup;
			children = (
				048637DE28DDCEA30042B730 /* PhotosCollectionViewCell.swift */,
				048637DF28DDCEA30042B730 /* PhotosCollectionViewCell.xib */,
			);
			path = Cells;
			sourceTree = "<group>";
		};
		04FB9C6428DF9C7000111A62 /* TodoModule */ = {
			isa = PBXGroup;
			children = (
				04FB9C6728DF9DC000111A62 /* ThirdViewController.swift */,
				04FB9C6928DFA00B00111A62 /* FourthViewController.swift */,
				04FB9C6D28E04A8800111A62 /* ToDoViewModel.swift */,
				04FB9C6F28E04A9A00111A62 /* AddNewToDoViewModel.swift */,
				04FB9C7328E050DF00111A62 /* ToDoModel.swift */,
				04FB9C7128E04B2A00111A62 /* CoreDataManager.swift */,
				04FB9C7D28E08CA600111A62 /* TodoTableViewCell.swift */,
				04FB9C7E28E08CA600111A62 /* TodoTableViewCell.xib */,
			);
			path = TodoModule;
			sourceTree = "<group>";
		};
		57A2387475B6BFA661D31820 /* Pods */ = {
			isa = PBXGroup;
			children = (
				E4A95E46E42193B5E585B340 /* Pods-BootcampTaskk3.debug.xcconfig */,
				380E46D4112ABB661FE96043 /* Pods-BootcampTaskk3.release.xcconfig */,
			);
			path = Pods;
			sourceTree = "<group>";
		};
		E29CC486F0A365C7E5671B3E /* Frameworks */ = {
			isa = PBXGroup;
			children = (
				87B6EE39F6CDEF2A062664FB /* Pods_BootcampTaskk3.framework */,
			);
			name = Frameworks;
			sourceTree = "<group>";
		};
/* End PBXGroup section */

/* Begin PBXNativeTarget section */
		0486378528DB657F0042B730 /* BootcampTaskk3 */ = {
			isa = PBXNativeTarget;
			buildConfigurationList = 0486379D28DB65800042B730 /* Build configuration list for PBXNativeTarget "BootcampTaskk3" */;
			buildPhases = (
				41CD176C5C4979D7E05E9151 /* [CP] Check Pods Manifest.lock */,
				0486378228DB657F0042B730 /* Sources */,
				0486378328DB657F0042B730 /* Frameworks */,
				0486378428DB657F0042B730 /* Resources */,
				195B0AB6B6D688A3995EE889 /* [CP] Embed Pods Frameworks */,
			);
			buildRules = (
			);
			dependencies = (
			);
			name = BootcampTaskk3;
			productName = BootcampTaskk3;
			productReference = 0486378628DB657F0042B730 /* BootcampTaskk3.app */;
			productType = "com.apple.product-type.application";
		};
/* End PBXNativeTarget section */

/* Begin PBXProject section */
		0486377E28DB657F0042B730 /* Project object */ = {
			isa = PBXProject;
			attributes = {
				BuildIndependentTargetsInParallel = 1;
				LastSwiftUpdateCheck = 1330;
				LastUpgradeCheck = 1330;
				TargetAttributes = {
					0486378528DB657F0042B730 = {
						CreatedOnToolsVersion = 13.3.1;
					};
				};
			};
			buildConfigurationList = 0486378128DB657F0042B730 /* Build configuration list for PBXProject "BootcampTaskk3" */;
			compatibilityVersion = "Xcode 13.0";
			developmentRegion = en;
			hasScannedForEncodings = 0;
			knownRegions = (
				en,
				Base,
			);
			mainGroup = 0486377D28DB657F0042B730;
			productRefGroup = 0486378728DB657F0042B730 /* Products */;
			projectDirPath = "";
			projectRoot = "";
			targets = (
				0486378528DB657F0042B730 /* BootcampTaskk3 */,
			);
		};
/* End PBXProject section */

/* Begin PBXResourcesBuildPhase section */
		0486378428DB657F0042B730 /* Resources */ = {
			isa = PBXResourcesBuildPhase;
			buildActionMask = 2147483647;
			files = (
				0486379928DB65800042B730 /* LaunchScreen.storyboard in Resources */,
				048637E128DDCEA30042B730 /* PhotosCollectionViewCell.xib in Resources */,
				0486379628DB65800042B730 /* Assets.xcassets in Resources */,
				0486379128DB657F0042B730 /* Main.storyboard in Resources */,
				048637A728DC65410042B730 /* PostListTableViewCell.xib in Resources */,
				04FB9C8028E08CA600111A62 /* TodoTableViewCell.xib in Resources */,
			);
			runOnlyForDeploymentPostprocessing = 0;
		};
/* End PBXResourcesBuildPhase section */

/* Begin PBXShellScriptBuildPhase section */
		195B0AB6B6D688A3995EE889 /* [CP] Embed Pods Frameworks */ = {
			isa = PBXShellScriptBuildPhase;
			buildActionMask = 2147483647;
			files = (
			);
			inputFileListPaths = (
				"${PODS_ROOT}/Target Support Files/Pods-BootcampTaskk3/Pods-BootcampTaskk3-frameworks-${CONFIGURATION}-input-files.xcfilelist",
			);
			name = "[CP] Embed Pods Frameworks";
			outputFileListPaths = (
				"${PODS_ROOT}/Target Support Files/Pods-BootcampTaskk3/Pods-BootcampTaskk3-frameworks-${CONFIGURATION}-output-files.xcfilelist",
			);
			runOnlyForDeploymentPostprocessing = 0;
			shellPath = /bin/sh;
			shellScript = "\"${PODS_ROOT}/Target Support Files/Pods-BootcampTaskk3/Pods-BootcampTaskk3-frameworks.sh\"\n";
			showEnvVarsInLog = 0;
		};
		41CD176C5C4979D7E05E9151 /* [CP] Check Pods Manifest.lock */ = {
			isa = PBXShellScriptBuildPhase;
			buildActionMask = 2147483647;
			files = (
			);
			inputFileListPaths = (
			);
			inputPaths = (
				"${PODS_PODFILE_DIR_PATH}/Podfile.lock",
				"${PODS_ROOT}/Manifest.lock",
			);
			name = "[CP] Check Pods Manifest.lock";
			outputFileListPaths = (
			);
			outputPaths = (
				"$(DERIVED_FILE_DIR)/Pods-BootcampTaskk3-checkManifestLockResult.txt",
			);
			runOnlyForDeploymentPostprocessing = 0;
			shellPath = /bin/sh;
			shellScript = "diff \"${PODS_PODFILE_DIR_PATH}/Podfile.lock\" \"${PODS_ROOT}/Manifest.lock\" > /dev/null\nif [ $? != 0 ] ; then\n    # print error to STDERR\n    echo \"error: The sandbox is not in sync with the Podfile.lock. Run 'pod install' or update your CocoaPods installation.\" >&2\n    exit 1\nfi\n# This output is used by Xcode 'outputs' to avoid re-running this script phase.\necho \"SUCCESS\" > \"${SCRIPT_OUTPUT_FILE_0}\"\n";
			showEnvVarsInLog = 0;
		};
/* End PBXShellScriptBuildPhase section */

/* Begin PBXSourcesBuildPhase section */
		0486378228DB657F0042B730 /* Sources */ = {
			isa = PBXSourcesBuildPhase;
			buildActionMask = 2147483647;
			files = (
				04FB9C6E28E04A8800111A62 /* ToDoViewModel.swift in Sources */,
				04FB9C7428E050DF00111A62 /* ToDoModel.swift in Sources */,
				048637A928DC79290042B730 /* PostListViewModel.swift in Sources */,
				04FB9C7F28E08CA600111A62 /* TodoTableViewCell.swift in Sources */,
				048637E028DDCEA30042B730 /* PhotosCollectionViewCell.swift in Sources */,
				048637E528DDD3400042B730 /* PhotosListModel.swift in Sources */,
				04FB9C6328DF2B9300111A62 /* PhotosListViewModel.swift in Sources */,
				0486378E28DB657F0042B730 /* PostListViewController.swift in Sources */,
				04FB9C7228E04B2A00111A62 /* CoreDataManager.swift in Sources */,
				04FB9C7028E04A9A00111A62 /* AddNewToDoViewModel.swift in Sources */,
				0486379428DB657F0042B730 /* BootcampTaskk3.xcdatamodeld in Sources */,
				048637DC28DDCE030042B730 /* SecondViewController.swift in Sources */,
				048637A628DC65410042B730 /* PostListTableViewCell.swift in Sources */,
				048637A128DC53B40042B730 /* PostListEntity.swift in Sources */,
				04FB9C6A28DFA00B00111A62 /* FourthViewController.swift in Sources */,
				0486378A28DB657F0042B730 /* AppDelegate.swift in Sources */,
				04FB9C6828DF9DC000111A62 /* ThirdViewController.swift in Sources */,
				0486378C28DB657F0042B730 /* SceneDelegate.swift in Sources */,
				048637E328DDD13E0042B730 /* PhotosListEntity.swift in Sources */,
				048637A328DC57F60042B730 /* PostListModel.swift in Sources */,
			);
			runOnlyForDeploymentPostprocessing = 0;
		};
/* End PBXSourcesBuildPhase section */

/* Begin PBXVariantGroup section */
		0486378F28DB657F0042B730 /* Main.storyboard */ = {
			isa = PBXVariantGroup;
			children = (
				0486379028DB657F0042B730 /* Base */,
			);
			name = Main.storyboard;
			sourceTree = "<group>";
		};
		0486379728DB65800042B730 /* LaunchScreen.storyboard */ = {
			isa = PBXVariantGroup;
			children = (
				0486379828DB65800042B730 /* Base */,
			);
			name = LaunchScreen.storyboard;
			sourceTree = "<group>";
		};
/* End PBXVariantGroup section */

/* Begin XCBuildConfiguration section */
		0486379B28DB65800042B730 /* Debug */ = {
			isa = XCBuildConfiguration;
			buildSettings = {
				ALWAYS_SEARCH_USER_PATHS = NO;
				CLANG_ANALYZER_NONNULL = YES;
				CLANG_ANALYZER_NUMBER_OBJECT_CONVERSION = YES_AGGRESSIVE;
				CLANG_CXX_LANGUAGE_STANDARD = "gnu++17";
				CLANG_ENABLE_MODULES = YES;
				CLANG_ENABLE_OBJC_ARC = YES;
				CLANG_ENABLE_OBJC_WEAK = YES;
				CLANG_WARN_BLOCK_CAPTURE_AUTORELEASING = YES;
				CLANG_WARN_BOOL_CONVERSION = YES;
				CLANG_WARN_COMMA = YES;
				CLANG_WARN_CONSTANT_CONVERSION = YES;
				CLANG_WARN_DEPRECATED_OBJC_IMPLEMENTATIONS = YES;
				CLANG_WARN_DIRECT_OBJC_ISA_USAGE = YES_ERROR;
				CLANG_WARN_DOCUMENTATION_COMMENTS = YES;
				CLANG_WARN_EMPTY_BODY = YES;
				CLANG_WARN_ENUM_CONVERSION = YES;
				CLANG_WARN_INFINITE_RECURSION = YES;
				CLANG_WARN_INT_CONVERSION = YES;
				CLANG_WARN_NON_LITERAL_NULL_CONVERSION = YES;
				CLANG_WARN_OBJC_IMPLICIT_RETAIN_SELF = YES;
				CLANG_WARN_OBJC_LITERAL_CONVERSION = YES;
				CLANG_WARN_OBJC_ROOT_CLASS = YES_ERROR;
				CLANG_WARN_QUOTED_INCLUDE_IN_FRAMEWORK_HEADER = YES;
				CLANG_WARN_RANGE_LOOP_ANALYSIS = YES;
				CLANG_WARN_STRICT_PROTOTYPES = YES;
				CLANG_WARN_SUSPICIOUS_MOVE = YES;
				CLANG_WARN_UNGUARDED_AVAILABILITY = YES_AGGRESSIVE;
				CLANG_WARN_UNREACHABLE_CODE = YES;
				CLANG_WARN__DUPLICATE_METHOD_MATCH = YES;
				COPY_PHASE_STRIP = NO;
				DEBUG_INFORMATION_FORMAT = dwarf;
				ENABLE_STRICT_OBJC_MSGSEND = YES;
				ENABLE_TESTABILITY = YES;
				GCC_C_LANGUAGE_STANDARD = gnu11;
				GCC_DYNAMIC_NO_PIC = NO;
				GCC_NO_COMMON_BLOCKS = YES;
				GCC_OPTIMIZATION_LEVEL = 0;
				GCC_PREPROCESSOR_DEFINITIONS = (
					"DEBUG=1",
					"$(inherited)",
				);
				GCC_WARN_64_TO_32_BIT_CONVERSION = YES;
				GCC_WARN_ABOUT_RETURN_TYPE = YES_ERROR;
				GCC_WARN_UNDECLARED_SELECTOR = YES;
				GCC_WARN_UNINITIALIZED_AUTOS = YES_AGGRESSIVE;
				GCC_WARN_UNUSED_FUNCTION = YES;
				GCC_WARN_UNUSED_VARIABLE = YES;
				IPHONEOS_DEPLOYMENT_TARGET = 15.4;
				MTL_ENABLE_DEBUG_INFO = INCLUDE_SOURCE;
				MTL_FAST_MATH = YES;
				ONLY_ACTIVE_ARCH = YES;
				SDKROOT = iphoneos;
				SWIFT_ACTIVE_COMPILATION_CONDITIONS = DEBUG;
				SWIFT_OPTIMIZATION_LEVEL = "-Onone";
			};
			name = Debug;
		};
		0486379C28DB65800042B730 /* Release */ = {
			isa = XCBuildConfiguration;
			buildSettings = {
				ALWAYS_SEARCH_USER_PATHS = NO;
				CLANG_ANALYZER_NONNULL = YES;
				CLANG_ANALYZER_NUMBER_OBJECT_CONVERSION = YES_AGGRESSIVE;
				CLANG_CXX_LANGUAGE_STANDARD = "gnu++17";
				CLANG_ENABLE_MODULES = YES;
				CLANG_ENABLE_OBJC_ARC = YES;
				CLANG_ENABLE_OBJC_WEAK = YES;
				CLANG_WARN_BLOCK_CAPTURE_AUTORELEASING = YES;
				CLANG_WARN_BOOL_CONVERSION = YES;
				CLANG_WARN_COMMA = YES;
				CLANG_WARN_CONSTANT_CONVERSION = YES;
				CLANG_WARN_DEPRECATED_OBJC_IMPLEMENTATIONS = YES;
				CLANG_WARN_DIRECT_OBJC_ISA_USAGE = YES_ERROR;
				CLANG_WARN_DOCUMENTATION_COMMENTS = YES;
				CLANG_WARN_EMPTY_BODY = YES;
				CLANG_WARN_ENUM_CONVERSION = YES;
				CLANG_WARN_INFINITE_RECURSION = YES;
				CLANG_WARN_INT_CONVERSION = YES;
				CLANG_WARN_NON_LITERAL_NULL_CONVERSION = YES;
				CLANG_WARN_OBJC_IMPLICIT_RETAIN_SELF = YES;
				CLANG_WARN_OBJC_LITERAL_CONVERSION = YES;
				CLANG_WARN_OBJC_ROOT_CLASS = YES_ERROR;
				CLANG_WARN_QUOTED_INCLUDE_IN_FRAMEWORK_HEADER = YES;
				CLANG_WARN_RANGE_LOOP_ANALYSIS = YES;
				CLANG_WARN_STRICT_PROTOTYPES = YES;
				CLANG_WARN_SUSPICIOUS_MOVE = YES;
				CLANG_WARN_UNGUARDED_AVAILABILITY = YES_AGGRESSIVE;
				CLANG_WARN_UNREACHABLE_CODE = YES;
				CLANG_WARN__DUPLICATE_METHOD_MATCH = YES;
				COPY_PHASE_STRIP = NO;
				DEBUG_INFORMATION_FORMAT = "dwarf-with-dsym";
				ENABLE_NS_ASSERTIONS = NO;
				ENABLE_STRICT_OBJC_MSGSEND = YES;
				GCC_C_LANGUAGE_STANDARD = gnu11;
				GCC_NO_COMMON_BLOCKS = YES;
				GCC_WARN_64_TO_32_BIT_CONVERSION = YES;
				GCC_WARN_ABOUT_RETURN_TYPE = YES_ERROR;
				GCC_WARN_UNDECLARED_SELECTOR = YES;
				GCC_WARN_UNINITIALIZED_AUTOS = YES_AGGRESSIVE;
				GCC_WARN_UNUSED_FUNCTION = YES;
				GCC_WARN_UNUSED_VARIABLE = YES;
				IPHONEOS_DEPLOYMENT_TARGET = 15.4;
				MTL_ENABLE_DEBUG_INFO = NO;
				MTL_FAST_MATH = YES;
				SDKROOT = iphoneos;
				SWIFT_COMPILATION_MODE = wholemodule;
				SWIFT_OPTIMIZATION_LEVEL = "-O";
				VALIDATE_PRODUCT = YES;
			};
			name = Release;
		};
		0486379E28DB65800042B730 /* Debug */ = {
			isa = XCBuildConfiguration;
			baseConfigurationReference = E4A95E46E42193B5E585B340 /* Pods-BootcampTaskk3.debug.xcconfig */;
			buildSettings = {
				ASSETCATALOG_COMPILER_APPICON_NAME = AppIcon;
				ASSETCATALOG_COMPILER_GLOBAL_ACCENT_COLOR_NAME = AccentColor;
				CODE_SIGN_STYLE = Automatic;
				CURRENT_PROJECT_VERSION = 1;
				DEVELOPMENT_TEAM = CDKC22UJJ7;
				GENERATE_INFOPLIST_FILE = YES;
				INFOPLIST_FILE = BootcampTaskk3/Info.plist;
				INFOPLIST_KEY_UIApplicationSupportsIndirectInputEvents = YES;
				INFOPLIST_KEY_UILaunchStoryboardName = LaunchScreen;
				INFOPLIST_KEY_UIMainStoryboardFile = Main;
				INFOPLIST_KEY_UISupportedInterfaceOrientations_iPad = "UIInterfaceOrientationPortrait UIInterfaceOrientationPortraitUpsideDown UIInterfaceOrientationLandscapeLeft UIInterfaceOrientationLandscapeRight";
				INFOPLIST_KEY_UISupportedInterfaceOrientations_iPhone = "UIInterfaceOrientationPortrait UIInterfaceOrientationLandscapeLeft UIInterfaceOrientationLandscapeRight";
				LD_RUNPATH_SEARCH_PATHS = (
					"$(inherited)",
					"@executable_path/Frameworks",
				);
				MARKETING_VERSION = 1.0;
				PRODUCT_BUNDLE_IDENTIFIER = com.borayilmazhan.BootcampTaskk3;
				PRODUCT_NAME = "$(TARGET_NAME)";
				SWIFT_EMIT_LOC_STRINGS = YES;
				SWIFT_VERSION = 5.0;
				TARGETED_DEVICE_FAMILY = "1,2";
			};
			name = Debug;
		};
		0486379F28DB65800042B730 /* Release */ = {
			isa = XCBuildConfiguration;
			baseConfigurationReference = 380E46D4112ABB661FE96043 /* Pods-BootcampTaskk3.release.xcconfig */;
			buildSettings = {
				ASSETCATALOG_COMPILER_APPICON_NAME = AppIcon;
				ASSETCATALOG_COMPILER_GLOBAL_ACCENT_COLOR_NAME = AccentColor;
				CODE_SIGN_STYLE = Automatic;
				CURRENT_PROJECT_VERSION = 1;
				DEVELOPMENT_TEAM = CDKC22UJJ7;
				GENERATE_INFOPLIST_FILE = YES;
				INFOPLIST_FILE = BootcampTaskk3/Info.plist;
				INFOPLIST_KEY_UIApplicationSupportsIndirectInputEvents = YES;
				INFOPLIST_KEY_UILaunchStoryboardName = LaunchScreen;
				INFOPLIST_KEY_UIMainStoryboardFile = Main;
				INFOPLIST_KEY_UISupportedInterfaceOrientations_iPad = "UIInterfaceOrientationPortrait UIInterfaceOrientationPortraitUpsideDown UIInterfaceOrientationLandscapeLeft UIInterfaceOrientationLandscapeRight";
				INFOPLIST_KEY_UISupportedInterfaceOrientations_iPhone = "UIInterfaceOrientationPortrait UIInterfaceOrientationLandscapeLeft UIInterfaceOrientationLandscapeRight";
				LD_RUNPATH_SEARCH_PATHS = (
					"$(inherited)",
					"@executable_path/Frameworks",
				);
				MARKETING_VERSION = 1.0;
				PRODUCT_BUNDLE_IDENTIFIER = com.borayilmazhan.BootcampTaskk3;
				PRODUCT_NAME = "$(TARGET_NAME)";
				SWIFT_EMIT_LOC_STRINGS = YES;
				SWIFT_VERSION = 5.0;
				TARGETED_DEVICE_FAMILY = "1,2";
			};
			name = Release;
		};
/* End XCBuildConfiguration section */

/* Begin XCConfigurationList section */
		0486378128DB657F0042B730 /* Build configuration list for PBXProject "BootcampTaskk3" */ = {
			isa = XCConfigurationList;
			buildConfigurations = (
				0486379B28DB65800042B730 /* Debug */,
				0486379C28DB65800042B730 /* Release */,
			);
			defaultConfigurationIsVisible = 0;
			defaultConfigurationName = Release;
		};
		0486379D28DB65800042B730 /* Build configuration list for PBXNativeTarget "BootcampTaskk3" */ = {
			isa = XCConfigurationList;
			buildConfigurations = (
				0486379E28DB65800042B730 /* Debug */,
				0486379F28DB65800042B730 /* Release */,
			);
			defaultConfigurationIsVisible = 0;
			defaultConfigurationName = Release;
		};
/* End XCConfigurationList section */

/* Begin XCVersionGroup section */
		0486379228DB657F0042B730 /* BootcampTaskk3.xcdatamodeld */ = {
			isa = XCVersionGroup;
			children = (
				0486379328DB657F0042B730 /* BootcampTaskk3.xcdatamodel */,
			);
			currentVersion = 0486379328DB657F0042B730 /* BootcampTaskk3.xcdatamodel */;
			path = BootcampTaskk3.xcdatamodeld;
			sourceTree = "<group>";
			versionGroupType = wrapper.xcdatamodel;
		};
/* End XCVersionGroup section */
	};
	rootObject = 0486377E28DB657F0042B730 /* Project object */;
}
